// !$*UTF8*$!
{
	archiveVersion = 1;
	classes = {
	};
	objectVersion = 46;
	objects = {

/* Begin PBXBuildFile section */
		3D0CACFD1AA627A3007DAE8D /* AppDelegate.m in Sources */ = {isa = PBXBuildFile; fileRef = 3D0CACFC1AA627A3007DAE8D /* AppDelegate.m */; };
		3D0CACFF1AA627A3007DAE8D /* main.m in Sources */ = {isa = PBXBuildFile; fileRef = 3D0CACFE1AA627A3007DAE8D /* main.m */; };
		3D0CAD021AA627A3007DAE8D /* ProjectN.xcdatamodeld in Sources */ = {isa = PBXBuildFile; fileRef = 3D0CAD001AA627A3007DAE8D /* ProjectN.xcdatamodeld */; };
		3D0CAD041AA627A3007DAE8D /* Images.xcassets in Resources */ = {isa = PBXBuildFile; fileRef = 3D0CAD031AA627A3007DAE8D /* Images.xcassets */; };
		3D0CAD071AA627A3007DAE8D /* MainMenu.xib in Resources */ = {isa = PBXBuildFile; fileRef = 3D0CAD051AA627A3007DAE8D /* MainMenu.xib */; };
		3D0CAD131AA627A3007DAE8D /* ProjectNTests.m in Sources */ = {isa = PBXBuildFile; fileRef = 3D0CAD121AA627A3007DAE8D /* ProjectNTests.m */; };
		3D0CAD1F1AA63056007DAE8D /* AddingWindow.m in Sources */ = {isa = PBXBuildFile; fileRef = 3D0CAD1D1AA63056007DAE8D /* AddingWindow.m */; };
		3D0CAD201AA63056007DAE8D /* AddingWindow.xib in Resources */ = {isa = PBXBuildFile; fileRef = 3D0CAD1E1AA63056007DAE8D /* AddingWindow.xib */; };
		3D0CAD221AA631F5007DAE8D /* qmsmall.png in Resources */ = {isa = PBXBuildFile; fileRef = 3D0CAD211AA631F5007DAE8D /* qmsmall.png */; };
		3D14B7761AC2753400511F43 /* Genre.m in Sources */ = {isa = PBXBuildFile; fileRef = 3D14B7751AC2753400511F43 /* Genre.m */; };
		3D2EDAF61AC12BDE009FAF50 /* Chapter.m in Sources */ = {isa = PBXBuildFile; fileRef = 3D2EDAF51AC12BDE009FAF50 /* Chapter.m */; };
		3DEB3D131ABBE6B3000A51CE /* MangaWindow.m in Sources */ = {isa = PBXBuildFile; fileRef = 3DEB3D111ABBE6B3000A51CE /* MangaWindow.m */; };
		3DEB3D141ABBE6B3000A51CE /* MangaWindow.xib in Resources */ = {isa = PBXBuildFile; fileRef = 3DEB3D121ABBE6B3000A51CE /* MangaWindow.xib */; };
		3DF514BB1AC53A9B00E242E6 /* PreferenceEntity.m in Sources */ = {isa = PBXBuildFile; fileRef = 3DF514BA1AC53A9B00E242E6 /* PreferenceEntity.m */; };
		3DF514BE1AC53CD500E242E6 /* MangaEntity.m in Sources */ = {isa = PBXBuildFile; fileRef = 3DF514BD1AC53CD500E242E6 /* MangaEntity.m */; };
		3DFBA51D1AAC050200F7EDFD /* Manga.m in Sources */ = {isa = PBXBuildFile; fileRef = 3DFBA51C1AAC050200F7EDFD /* Manga.m */; };
/* End PBXBuildFile section */

/* Begin PBXContainerItemProxy section */
		3D0CAD0D1AA627A3007DAE8D /* PBXContainerItemProxy */ = {
			isa = PBXContainerItemProxy;
			containerPortal = 3D0CACEE1AA627A2007DAE8D /* Project object */;
			proxyType = 1;
			remoteGlobalIDString = 3D0CACF51AA627A3007DAE8D;
			remoteInfo = ProjectN;
		};
/* End PBXContainerItemProxy section */

/* Begin PBXFileReference section */
		3D0CACF61AA627A3007DAE8D /* MangaStorage.app */ = {isa = PBXFileReference; explicitFileType = wrapper.application; includeInIndex = 0; path = MangaStorage.app; sourceTree = BUILT_PRODUCTS_DIR; };
		3D0CACFA1AA627A3007DAE8D /* Info.plist */ = {isa = PBXFileReference; lastKnownFileType = text.plist.xml; path = Info.plist; sourceTree = "<group>"; };
		3D0CACFB1AA627A3007DAE8D /* AppDelegate.h */ = {isa = PBXFileReference; lastKnownFileType = sourcecode.c.h; path = AppDelegate.h; sourceTree = "<group>"; };
		3D0CACFC1AA627A3007DAE8D /* AppDelegate.m */ = {isa = PBXFileReference; lastKnownFileType = sourcecode.c.objc; path = AppDelegate.m; sourceTree = "<group>"; };
		3D0CACFE1AA627A3007DAE8D /* main.m */ = {isa = PBXFileReference; lastKnownFileType = sourcecode.c.objc; path = main.m; sourceTree = "<group>"; };
		3D0CAD011AA627A3007DAE8D /* ProjectN.xcdatamodel */ = {isa = PBXFileReference; lastKnownFileType = wrapper.xcdatamodel; path = ProjectN.xcdatamodel; sourceTree = "<group>"; };
		3D0CAD031AA627A3007DAE8D /* Images.xcassets */ = {isa = PBXFileReference; lastKnownFileType = folder.assetcatalog; path = Images.xcassets; sourceTree = "<group>"; };
		3D0CAD061AA627A3007DAE8D /* Base */ = {isa = PBXFileReference; lastKnownFileType = file.xib; name = Base; path = Base.lproj/MainMenu.xib; sourceTree = "<group>"; };
		3D0CAD0C1AA627A3007DAE8D /* MangaStorageTests.xctest */ = {isa = PBXFileReference; explicitFileType = wrapper.cfbundle; includeInIndex = 0; path = MangaStorageTests.xctest; sourceTree = BUILT_PRODUCTS_DIR; };
		3D0CAD111AA627A3007DAE8D /* Info.plist */ = {isa = PBXFileReference; lastKnownFileType = text.plist.xml; path = Info.plist; sourceTree = "<group>"; };
		3D0CAD121AA627A3007DAE8D /* ProjectNTests.m */ = {isa = PBXFileReference; lastKnownFileType = sourcecode.c.objc; path = ProjectNTests.m; sourceTree = "<group>"; };
		3D0CAD1C1AA63056007DAE8D /* AddingWindow.h */ = {isa = PBXFileReference; fileEncoding = 4; lastKnownFileType = sourcecode.c.h; path = AddingWindow.h; sourceTree = "<group>"; };
		3D0CAD1D1AA63056007DAE8D /* AddingWindow.m */ = {isa = PBXFileReference; fileEncoding = 4; lastKnownFileType = sourcecode.c.objc; path = AddingWindow.m; sourceTree = "<group>"; };
		3D0CAD1E1AA63056007DAE8D /* AddingWindow.xib */ = {isa = PBXFileReference; fileEncoding = 4; lastKnownFileType = file.xib; path = AddingWindow.xib; sourceTree = "<group>"; };
		3D0CAD211AA631F5007DAE8D /* qmsmall.png */ = {isa = PBXFileReference; lastKnownFileType = image.png; name = qmsmall.png; path = ../../qmsmall.png; sourceTree = "<group>"; };
		3D14B7741AC2753400511F43 /* Genre.h */ = {isa = PBXFileReference; fileEncoding = 4; lastKnownFileType = sourcecode.c.h; path = Genre.h; sourceTree = "<group>"; };
		3D14B7751AC2753400511F43 /* Genre.m */ = {isa = PBXFileReference; fileEncoding = 4; lastKnownFileType = sourcecode.c.objc; path = Genre.m; sourceTree = "<group>"; };
		3D2EDAF41AC12BDE009FAF50 /* Chapter.h */ = {isa = PBXFileReference; fileEncoding = 4; lastKnownFileType = sourcecode.c.h; name = Chapter.h; path = Entities/Chapter.h; sourceTree = "<group>"; };
		3D2EDAF51AC12BDE009FAF50 /* Chapter.m */ = {isa = PBXFileReference; fileEncoding = 4; lastKnownFileType = sourcecode.c.objc; name = Chapter.m; path = Entities/Chapter.m; sourceTree = "<group>"; };
		3DEB3D101ABBE6B3000A51CE /* MangaWindow.h */ = {isa = PBXFileReference; fileEncoding = 4; lastKnownFileType = sourcecode.c.h; path = MangaWindow.h; sourceTree = "<group>"; };
		3DEB3D111ABBE6B3000A51CE /* MangaWindow.m */ = {isa = PBXFileReference; fileEncoding = 4; lastKnownFileType = sourcecode.c.objc; path = MangaWindow.m; sourceTree = "<group>"; };
		3DEB3D121ABBE6B3000A51CE /* MangaWindow.xib */ = {isa = PBXFileReference; fileEncoding = 4; lastKnownFileType = file.xib; path = MangaWindow.xib; sourceTree = "<group>"; };
		3DF514B91AC53A9B00E242E6 /* PreferenceEntity.h */ = {isa = PBXFileReference; fileEncoding = 4; lastKnownFileType = sourcecode.c.h; path = PreferenceEntity.h; sourceTree = "<group>"; };
		3DF514BA1AC53A9B00E242E6 /* PreferenceEntity.m */ = {isa = PBXFileReference; fileEncoding = 4; lastKnownFileType = sourcecode.c.objc; path = PreferenceEntity.m; sourceTree = "<group>"; };
		3DF514BC1AC53CD500E242E6 /* MangaEntity.h */ = {isa = PBXFileReference; fileEncoding = 4; lastKnownFileType = sourcecode.c.h; path = MangaEntity.h; sourceTree = "<group>"; };
		3DF514BD1AC53CD500E242E6 /* MangaEntity.m */ = {isa = PBXFileReference; fileEncoding = 4; lastKnownFileType = sourcecode.c.objc; path = MangaEntity.m; sourceTree = "<group>"; };
		3DFBA51B1AAC050200F7EDFD /* Manga.h */ = {isa = PBXFileReference; fileEncoding = 4; lastKnownFileType = sourcecode.c.h; path = Manga.h; sourceTree = "<group>"; };
		3DFBA51C1AAC050200F7EDFD /* Manga.m */ = {isa = PBXFileReference; fileEncoding = 4; lastKnownFileType = sourcecode.c.objc; path = Manga.m; sourceTree = "<group>"; };
/* End PBXFileReference section */

/* Begin PBXFrameworksBuildPhase section */
		3D0CACF31AA627A3007DAE8D /* Frameworks */ = {
			isa = PBXFrameworksBuildPhase;
			buildActionMask = 2147483647;
			files = (
			);
			runOnlyForDeploymentPostprocessing = 0;
		};
		3D0CAD091AA627A3007DAE8D /* Frameworks */ = {
			isa = PBXFrameworksBuildPhase;
			buildActionMask = 2147483647;
			files = (
			);
			runOnlyForDeploymentPostprocessing = 0;
		};
/* End PBXFrameworksBuildPhase section */

/* Begin PBXGroup section */
		3D0CACED1AA627A2007DAE8D = {
			isa = PBXGroup;
			children = (
				3D0CACF81AA627A3007DAE8D /* MangaStorage */,
				3D0CAD0F1AA627A3007DAE8D /* MangaStorageTests */,
				3D0CACF71AA627A3007DAE8D /* Products */,
			);
			sourceTree = "<group>";
		};
		3D0CACF71AA627A3007DAE8D /* Products */ = {
			isa = PBXGroup;
			children = (
				3D0CACF61AA627A3007DAE8D /* MangaStorage.app */,
				3D0CAD0C1AA627A3007DAE8D /* MangaStorageTests.xctest */,
			);
			name = Products;
			sourceTree = "<group>";
		};
		3D0CACF81AA627A3007DAE8D /* MangaStorage */ = {
			isa = PBXGroup;
			children = (
				3DEB3D101ABBE6B3000A51CE /* MangaWindow.h */,
				3DEB3D111ABBE6B3000A51CE /* MangaWindow.m */,
				3DEB3D121ABBE6B3000A51CE /* MangaWindow.xib */,
				3D0CACFB1AA627A3007DAE8D /* AppDelegate.h */,
				3D0CACFC1AA627A3007DAE8D /* AppDelegate.m */,
				3D0CAD031AA627A3007DAE8D /* Images.xcassets */,
				3D0CAD051AA627A3007DAE8D /* MainMenu.xib */,
				3DFBA51B1AAC050200F7EDFD /* Manga.h */,
				3DFBA51C1AAC050200F7EDFD /* Manga.m */,
				3D0CAD1C1AA63056007DAE8D /* AddingWindow.h */,
				3D0CAD1D1AA63056007DAE8D /* AddingWindow.m */,
				3D0CAD1E1AA63056007DAE8D /* AddingWindow.xib */,
				3D0CAD211AA631F5007DAE8D /* qmsmall.png */,
				3D0CAD001AA627A3007DAE8D /* ProjectN.xcdatamodeld */,
				3DF514BC1AC53CD500E242E6 /* MangaEntity.h */,
				3DF514BD1AC53CD500E242E6 /* MangaEntity.m */,
				3DF514B91AC53A9B00E242E6 /* PreferenceEntity.h */,
				3DF514BA1AC53A9B00E242E6 /* PreferenceEntity.m */,
				3D14B7741AC2753400511F43 /* Genre.h */,
				3D14B7751AC2753400511F43 /* Genre.m */,
				3D2EDAF41AC12BDE009FAF50 /* Chapter.h */,
				3D2EDAF51AC12BDE009FAF50 /* Chapter.m */,
				3D0CACF91AA627A3007DAE8D /* Supporting Files */,
			);
			name = MangaStorage;
			path = ProjectN;
			sourceTree = "<group>";
		};
		3D0CACF91AA627A3007DAE8D /* Supporting Files */ = {
			isa = PBXGroup;
			children = (
				3D0CACFA1AA627A3007DAE8D /* Info.plist */,
				3D0CACFE1AA627A3007DAE8D /* main.m */,
			);
			name = "Supporting Files";
			sourceTree = "<group>";
		};
		3D0CAD0F1AA627A3007DAE8D /* MangaStorageTests */ = {
			isa = PBXGroup;
			children = (
				3D0CAD121AA627A3007DAE8D /* ProjectNTests.m */,
				3D0CAD101AA627A3007DAE8D /* Supporting Files */,
			);
			name = MangaStorageTests;
			path = ProjectNTests;
			sourceTree = "<group>";
		};
		3D0CAD101AA627A3007DAE8D /* Supporting Files */ = {
			isa = PBXGroup;
			children = (
				3D0CAD111AA627A3007DAE8D /* Info.plist */,
			);
			name = "Supporting Files";
			sourceTree = "<group>";
		};
/* End PBXGroup section */

/* Begin PBXNativeTarget section */
		3D0CACF51AA627A3007DAE8D /* MangaStorage */ = {
			isa = PBXNativeTarget;
			buildConfigurationList = 3D0CAD161AA627A3007DAE8D /* Build configuration list for PBXNativeTarget "MangaStorage" */;
			buildPhases = (
				3D0CACF21AA627A3007DAE8D /* Sources */,
				3D0CACF31AA627A3007DAE8D /* Frameworks */,
				3D0CACF41AA627A3007DAE8D /* Resources */,
			);
			buildRules = (
			);
			dependencies = (
			);
			name = MangaStorage;
			productName = ProjectN;
			productReference = 3D0CACF61AA627A3007DAE8D /* MangaStorage.app */;
			productType = "com.apple.product-type.application";
		};
		3D0CAD0B1AA627A3007DAE8D /* MangaStorageTests */ = {
			isa = PBXNativeTarget;
			buildConfigurationList = 3D0CAD191AA627A3007DAE8D /* Build configuration list for PBXNativeTarget "MangaStorageTests" */;
			buildPhases = (
				3D0CAD081AA627A3007DAE8D /* Sources */,
				3D0CAD091AA627A3007DAE8D /* Frameworks */,
				3D0CAD0A1AA627A3007DAE8D /* Resources */,
			);
			buildRules = (
			);
			dependencies = (
				3D0CAD0E1AA627A3007DAE8D /* PBXTargetDependency */,
			);
			name = MangaStorageTests;
			productName = ProjectNTests;
			productReference = 3D0CAD0C1AA627A3007DAE8D /* MangaStorageTests.xctest */;
			productType = "com.apple.product-type.bundle.unit-test";
		};
/* End PBXNativeTarget section */

/* Begin PBXProject section */
		3D0CACEE1AA627A2007DAE8D /* Project object */ = {
			isa = PBXProject;
			attributes = {
				LastUpgradeCheck = 0610;
				ORGANIZATIONNAME = SilentLupin;
				TargetAttributes = {
					3D0CACF51AA627A3007DAE8D = {
						CreatedOnToolsVersion = 6.1.1;
					};
					3D0CAD0B1AA627A3007DAE8D = {
						CreatedOnToolsVersion = 6.1.1;
						TestTargetID = 3D0CACF51AA627A3007DAE8D;
					};
				};
			};
			buildConfigurationList = 3D0CACF11AA627A3007DAE8D /* Build configuration list for PBXProject "MangaStorage" */;
			compatibilityVersion = "Xcode 3.2";
			developmentRegion = English;
			hasScannedForEncodings = 0;
			knownRegions = (
				en,
				Base,
			);
			mainGroup = 3D0CACED1AA627A2007DAE8D;
			productRefGroup = 3D0CACF71AA627A3007DAE8D /* Products */;
			projectDirPath = "";
			projectRoot = "";
			targets = (
				3D0CACF51AA627A3007DAE8D /* MangaStorage */,
				3D0CAD0B1AA627A3007DAE8D /* MangaStorageTests */,
			);
		};
/* End PBXProject section */

/* Begin PBXResourcesBuildPhase section */
		3D0CACF41AA627A3007DAE8D /* Resources */ = {
			isa = PBXResourcesBuildPhase;
			buildActionMask = 2147483647;
			files = (
				3DEB3D141ABBE6B3000A51CE /* MangaWindow.xib in Resources */,
				3D0CAD041AA627A3007DAE8D /* Images.xcassets in Resources */,
				3D0CAD221AA631F5007DAE8D /* qmsmall.png in Resources */,
				3D0CAD201AA63056007DAE8D /* AddingWindow.xib in Resources */,
				3D0CAD071AA627A3007DAE8D /* MainMenu.xib in Resources */,
			);
			runOnlyForDeploymentPostprocessing = 0;
		};
		3D0CAD0A1AA627A3007DAE8D /* Resources */ = {
			isa = PBXResourcesBuildPhase;
			buildActionMask = 2147483647;
			files = (
			);
			runOnlyForDeploymentPostprocessing = 0;
		};
/* End PBXResourcesBuildPhase section */

/* Begin PBXSourcesBuildPhase section */
		3D0CACF21AA627A3007DAE8D /* Sources */ = {
			isa = PBXSourcesBuildPhase;
			buildActionMask = 2147483647;
			files = (
				3DEB3D131ABBE6B3000A51CE /* MangaWindow.m in Sources */,
				3DFBA51D1AAC050200F7EDFD /* Manga.m in Sources */,
				3D0CAD1F1AA63056007DAE8D /* AddingWindow.m in Sources */,
				3D14B7761AC2753400511F43 /* Genre.m in Sources */,
				3D2EDAF61AC12BDE009FAF50 /* Chapter.m in Sources */,
				3D0CAD021AA627A3007DAE8D /* ProjectN.xcdatamodeld in Sources */,
				3D0CACFF1AA627A3007DAE8D /* main.m in Sources */,
				3DF514BE1AC53CD500E242E6 /* MangaEntity.m in Sources */,
				3DF514BB1AC53A9B00E242E6 /* PreferenceEntity.m in Sources */,
				3D0CACFD1AA627A3007DAE8D /* AppDelegate.m in Sources */,
			);
			runOnlyForDeploymentPostprocessing = 0;
		};
		3D0CAD081AA627A3007DAE8D /* Sources */ = {
			isa = PBXSourcesBuildPhase;
			buildActionMask = 2147483647;
			files = (
				3D0CAD131AA627A3007DAE8D /* ProjectNTests.m in Sources */,
			);
			runOnlyForDeploymentPostprocessing = 0;
		};
/* End PBXSourcesBuildPhase section */

/* Begin PBXTargetDependency section */
		3D0CAD0E1AA627A3007DAE8D /* PBXTargetDependency */ = {
			isa = PBXTargetDependency;
			target = 3D0CACF51AA627A3007DAE8D /* MangaStorage */;
			targetProxy = 3D0CAD0D1AA627A3007DAE8D /* PBXContainerItemProxy */;
		};
/* End PBXTargetDependency section */

/* Begin PBXVariantGroup section */
		3D0CAD051AA627A3007DAE8D /* MainMenu.xib */ = {
			isa = PBXVariantGroup;
			children = (
				3D0CAD061AA627A3007DAE8D /* Base */,
			);
			name = MainMenu.xib;
			sourceTree = "<group>";
		};
/* End PBXVariantGroup section */

/* Begin XCBuildConfiguration section */
		3D0CAD141AA627A3007DAE8D /* Debug */ = {
			isa = XCBuildConfiguration;
			buildSettings = {
				ALWAYS_SEARCH_USER_PATHS = NO;
				CLANG_CXX_LANGUAGE_STANDARD = "gnu++0x";
				CLANG_CXX_LIBRARY = "libc++";
				CLANG_ENABLE_MODULES = YES;
				CLANG_ENABLE_OBJC_ARC = YES;
				CLANG_WARN_BOOL_CONVERSION = YES;
				CLANG_WARN_CONSTANT_CONVERSION = YES;
				CLANG_WARN_DIRECT_OBJC_ISA_USAGE = YES_ERROR;
				CLANG_WARN_EMPTY_BODY = YES;
				CLANG_WARN_ENUM_CONVERSION = YES;
				CLANG_WARN_INT_CONVERSION = YES;
				CLANG_WARN_OBJC_ROOT_CLASS = YES_ERROR;
				CLANG_WARN_UNREACHABLE_CODE = YES;
				CLANG_WARN__DUPLICATE_METHOD_MATCH = YES;
				CODE_SIGN_IDENTITY = "-";
				COPY_PHASE_STRIP = NO;
				ENABLE_STRICT_OBJC_MSGSEND = YES;
				GCC_C_LANGUAGE_STANDARD = gnu99;
				GCC_DYNAMIC_NO_PIC = NO;
				GCC_OPTIMIZATION_LEVEL = 0;
				GCC_PREPROCESSOR_DEFINITIONS = (
					"DEBUG=1",
					"$(inherited)",
				);
				GCC_SYMBOLS_PRIVATE_EXTERN = NO;
				GCC_WARN_64_TO_32_BIT_CONVERSION = YES;
				GCC_WARN_ABOUT_RETURN_TYPE = YES_ERROR;
				GCC_WARN_UNDECLARED_SELECTOR = YES;
				GCC_WARN_UNINITIALIZED_AUTOS = YES_AGGRESSIVE;
				GCC_WARN_UNUSED_FUNCTION = YES;
				GCC_WARN_UNUSED_VARIABLE = YES;
				MACOSX_DEPLOYMENT_TARGET = 10.10;
				MTL_ENABLE_DEBUG_INFO = YES;
				ONLY_ACTIVE_ARCH = YES;
				SDKROOT = macosx;
			};
			name = Debug;
		};
		3D0CAD151AA627A3007DAE8D /* Release */ = {
			isa = XCBuildConfiguration;
			buildSettings = {
				ALWAYS_SEARCH_USER_PATHS = NO;
				CLANG_CXX_LANGUAGE_STANDARD = "gnu++0x";
				CLANG_CXX_LIBRARY = "libc++";
				CLANG_ENABLE_MODULES = YES;
				CLANG_ENABLE_OBJC_ARC = YES;
				CLANG_WARN_BOOL_CONVERSION = YES;
				CLANG_WARN_CONSTANT_CONVERSION = YES;
				CLANG_WARN_DIRECT_OBJC_ISA_USAGE = YES_ERROR;
				CLANG_WARN_EMPTY_BODY = YES;
				CLANG_WARN_ENUM_CONVERSION = YES;
				CLANG_WARN_INT_CONVERSION = YES;
				CLANG_WARN_OBJC_ROOT_CLASS = YES_ERROR;
				CLANG_WARN_UNREACHABLE_CODE = YES;
				CLANG_WARN__DUPLICATE_METHOD_MATCH = YES;
				CODE_SIGN_IDENTITY = "-";
				COPY_PHASE_STRIP = YES;
				DEBUG_INFORMATION_FORMAT = "dwarf-with-dsym";
				ENABLE_NS_ASSERTIONS = NO;
				ENABLE_STRICT_OBJC_MSGSEND = YES;
				GCC_C_LANGUAGE_STANDARD = gnu99;
				GCC_WARN_64_TO_32_BIT_CONVERSION = YES;
				GCC_WARN_ABOUT_RETURN_TYPE = YES_ERROR;
				GCC_WARN_UNDECLARED_SELECTOR = YES;
				GCC_WARN_UNINITIALIZED_AUTOS = YES_AGGRESSIVE;
				GCC_WARN_UNUSED_FUNCTION = YES;
				GCC_WARN_UNUSED_VARIABLE = YES;
				MACOSX_DEPLOYMENT_TARGET = 10.10;
				MTL_ENABLE_DEBUG_INFO = NO;
				SDKROOT = macosx;
			};
			name = Release;
		};
		3D0CAD171AA627A3007DAE8D /* Debug */ = {
			isa = XCBuildConfiguration;
			buildSettings = {
				ASSETCATALOG_COMPILER_APPICON_NAME = AppIcon;
				COMBINE_HIDPI_IMAGES = YES;
				INFOPLIST_FILE = ProjectN/Info.plist;
				LD_RUNPATH_SEARCH_PATHS = "$(inherited) @executable_path/../Frameworks";
				PRODUCT_NAME = MangaStorage;
			};
			name = Debug;
		};
		3D0CAD181AA627A3007DAE8D /* Release */ = {
			isa = XCBuildConfiguration;
			buildSettings = {
				ASSETCATALOG_COMPILER_APPICON_NAME = AppIcon;
				COMBINE_HIDPI_IMAGES = YES;
				INFOPLIST_FILE = ProjectN/Info.plist;
				LD_RUNPATH_SEARCH_PATHS = "$(inherited) @executable_path/../Frameworks";
				PRODUCT_NAME = MangaStorage;
			};
			name = Release;
		};
		3D0CAD1A1AA627A3007DAE8D /* Debug */ = {
			isa = XCBuildConfiguration;
			buildSettings = {
				BUNDLE_LOADER = "$(TEST_HOST)";
				COMBINE_HIDPI_IMAGES = YES;
				FRAMEWORK_SEARCH_PATHS = (
					"$(DEVELOPER_FRAMEWORKS_DIR)",
					"$(inherited)",
				);
				GCC_PREPROCESSOR_DEFINITIONS = (
					"DEBUG=1",
					"$(inherited)",
				);
				INFOPLIST_FILE = ProjectNTests/Info.plist;
				LD_RUNPATH_SEARCH_PATHS = "$(inherited) @executable_path/../Frameworks @loader_path/../Frameworks";
				PRODUCT_NAME = MangaStorageTests;
				TEST_HOST = "";
			};
			name = Debug;
		};
		3D0CAD1B1AA627A3007DAE8D /* Release */ = {
			isa = XCBuildConfiguration;
			buildSettings = {
				BUNDLE_LOADER = "$(TEST_HOST)";
				COMBINE_HIDPI_IMAGES = YES;
				FRAMEWORK_SEARCH_PATHS = (
					"$(DEVELOPER_FRAMEWORKS_DIR)",
					"$(inherited)",
				);
				INFOPLIST_FILE = ProjectNTests/Info.plist;
				LD_RUNPATH_SEARCH_PATHS = "$(inherited) @executable_path/../Frameworks @loader_path/../Frameworks";
				PRODUCT_NAME = MangaStorageTests;
				TEST_HOST = "";
			};
			name = Release;
		};
/* End XCBuildConfiguration section */

/* Begin XCConfigurationList section */
		3D0CACF11AA627A3007DAE8D /* Build configuration list for PBXProject "MangaStorage" */ = {
			isa = XCConfigurationList;
			buildConfigurations = (
				3D0CAD141AA627A3007DAE8D /* Debug */,
				3D0CAD151AA627A3007DAE8D /* Release */,
			);
			defaultConfigurationIsVisible = 0;
			defaultConfigurationName = Release;
		};
		3D0CAD161AA627A3007DAE8D /* Build configuration list for PBXNativeTarget "MangaStorage" */ = {
			isa = XCConfigurationList;
			buildConfigurations = (
				3D0CAD171AA627A3007DAE8D /* Debug */,
				3D0CAD181AA627A3007DAE8D /* Release */,
			);
			defaultConfigurationIsVisible = 0;
			defaultConfigurationName = Release;
		};
		3D0CAD191AA627A3007DAE8D /* Build configuration list for PBXNativeTarget "MangaStorageTests" */ = {
			isa = XCConfigurationList;
			buildConfigurations = (
				3D0CAD1A1AA627A3007DAE8D /* Debug */,
				3D0CAD1B1AA627A3007DAE8D /* Release */,
			);
			defaultConfigurationIsVisible = 0;
			defaultConfigurationName = Release;
		};
/* End XCConfigurationList section */

/* Begin XCVersionGroup section */
		3D0CAD001AA627A3007DAE8D /* ProjectN.xcdatamodeld */ = {
			isa = XCVersionGroup;
			children = (
				3D0CAD011AA627A3007DAE8D /* ProjectN.xcdatamodel */,
			);
			currentVersion = 3D0CAD011AA627A3007DAE8D /* ProjectN.xcdatamodel */;
			path = ProjectN.xcdatamodeld;
			sourceTree = "<group>";
			versionGroupType = wrapper.xcdatamodel;
		};
/* End XCVersionGroup section */
	};
	rootObject = 3D0CACEE1AA627A2007DAE8D /* Project object */;
}
